
Microsoft Visual Studio Solution File, Format Version 12.00
# Visual Studio 15
VisualStudioVersion = 15.0.28307.421
MinimumVisualStudioVersion = 10.0.40219.1
Project("{FAE04EC0-301F-11D3-BF4B-00C04F79EFBC}") = "SoftplayerCalcTest.API", "SoftplayerCalcTest.API\SoftplayerCalcTest.API.csproj", "{3AFAF587-B329-4983-9789-0A33FFC0166F}"
EndProject
Project("{FAE04EC0-301F-11D3-BF4B-00C04F79EFBC}") = "SoftplayerCalcTest.Aplicacao", "SoftplayerCalcTest.Aplicacao\SoftplayerCalcTest.Aplicacao.csproj", "{BE3FEAF9-C1FB-4788-ADB7-70E5EDF1DD9A}"
EndProject
Global
	GlobalSection(SolutionConfigurationPlatforms) = preSolution
		Debug|Any CPU = Debug|Any CPU
		Release|Any CPU = Release|Any CPU
	EndGlobalSection
	GlobalSection(ProjectConfigurationPlatforms) = postSolution
		{3AFAF587-B329-4983-9789-0A33FFC0166F}.Debug|Any CPU.ActiveCfg = Debug|Any CPU
		{3AFAF587-B329-4983-9789-0A33FFC0166F}.Debug|Any CPU.Build.0 = Debug|Any CPU
		{3AFAF587-B329-4983-9789-0A33FFC0166F}.Release|Any CPU.ActiveCfg = Release|Any CPU
		{3AFAF587-B329-4983-9789-0A33FFC0166F}.Release|Any CPU.Build.0 = Release|Any CPU
		{BE3FEAF9-C1FB-4788-ADB7-70E5EDF1DD9A}.Debug|Any CPU.ActiveCfg = Debug|Any CPU
		{BE3FEAF9-C1FB-4788-ADB7-70E5EDF1DD9A}.Debug|Any CPU.Build.0 = Debug|Any CPU
		{BE3FEAF9-C1FB-4788-ADB7-70E5EDF1DD9A}.Release|Any CPU.ActiveCfg = Release|Any CPU
		{BE3FEAF9-C1FB-4788-ADB7-70E5EDF1DD9A}.Release|Any CPU.Build.0 = Release|Any CPU
	EndGlobalSection
	GlobalSection(SolutionProperties) = preSolution
		HideSolutionNode = FALSE
	EndGlobalSection
	GlobalSection(ExtensibilityGlobals) = postSolution
		SolutionGuid = {1BBD7018-DE2D-4F3D-A98E-705FA843B09B}
	EndGlobalSection
EndGlobal
